
Microsoft Visual Studio Solution File, Format Version 12.00
# Visual Studio Version 17
VisualStudioVersion = 17.4.33122.133
MinimumVisualStudioVersion = 10.0.40219.1
Project("{FAE04EC0-301F-11D3-BF4B-00C04F79EFBC}") = "MyDynamicArray Extension 07", "MyDynamicArray Extension 07.csproj", "{9853B84E-98EB-4D58-9292-35C87D29467A}"
EndProject
Global
	GlobalSection(SolutionConfigurationPlatforms) = preSolution
		Debug|Any CPU = Debug|Any CPU
		Release|Any CPU = Release|Any CPU
	EndGlobalSection
	GlobalSection(ProjectConfigurationPlatforms) = postSolution
		{9853B84E-98EB-4D58-9292-35C87D29467A}.Debug|Any CPU.ActiveCfg = Debug|Any CPU
		{9853B84E-98EB-4D58-9292-35C87D29467A}.Debug|Any CPU.Build.0 = Debug|Any CPU
		{9853B84E-98EB-4D58-9292-35C87D29467A}.Release|Any CPU.ActiveCfg = Release|Any CPU
		{9853B84E-98EB-4D58-9292-35C87D29467A}.Release|Any CPU.Build.0 = Release|Any CPU
	EndGlobalSection
	GlobalSection(SolutionProperties) = preSolution
		HideSolutionNode = FALSE
	EndGlobalSection
	GlobalSection(ExtensibilityGlobals) = postSolution
		SolutionGuid = {24076A68-34E2-44A7-ADCB-A0F92148A754}
	EndGlobalSection
EndGlobal
