
Microsoft Visual Studio Solution File, Format Version 12.00
# Visual Studio Version 17
VisualStudioVersion = 17.4.33122.133
MinimumVisualStudioVersion = 10.0.40219.1
Project("{FAE04EC0-301F-11D3-BF4B-00C04F79EFBC}") = "Project 8 Queue Line", "Project 8 Queue Line.csproj", "{9D50719A-DDE6-4D0E-98E2-3AE37A3BD337}"
EndProject
Global
	GlobalSection(SolutionConfigurationPlatforms) = preSolution
		Debug|Any CPU = Debug|Any CPU
		Release|Any CPU = Release|Any CPU
	EndGlobalSection
	GlobalSection(ProjectConfigurationPlatforms) = postSolution
		{9D50719A-DDE6-4D0E-98E2-3AE37A3BD337}.Debug|Any CPU.ActiveCfg = Debug|Any CPU
		{9D50719A-DDE6-4D0E-98E2-3AE37A3BD337}.Debug|Any CPU.Build.0 = Debug|Any CPU
		{9D50719A-DDE6-4D0E-98E2-3AE37A3BD337}.Release|Any CPU.ActiveCfg = Release|Any CPU
		{9D50719A-DDE6-4D0E-98E2-3AE37A3BD337}.Release|Any CPU.Build.0 = Release|Any CPU
	EndGlobalSection
	GlobalSection(SolutionProperties) = preSolution
		HideSolutionNode = FALSE
	EndGlobalSection
	GlobalSection(ExtensibilityGlobals) = postSolution
		SolutionGuid = {24EE9438-FD3F-4C26-A370-706C26F5B535}
	EndGlobalSection
EndGlobal
