
Microsoft Visual Studio Solution File, Format Version 12.00
# Visual Studio Version 17
VisualStudioVersion = 17.4.33122.133
MinimumVisualStudioVersion = 10.0.40219.1
Project("{FAE04EC0-301F-11D3-BF4B-00C04F79EFBC}") = "MyStackArr", "MyStackArr.csproj", "{628CACB7-5B04-4ADD-92D3-D9EAE82633E4}"
EndProject
Global
	GlobalSection(SolutionConfigurationPlatforms) = preSolution
		Debug|Any CPU = Debug|Any CPU
		Release|Any CPU = Release|Any CPU
	EndGlobalSection
	GlobalSection(ProjectConfigurationPlatforms) = postSolution
		{628CACB7-5B04-4ADD-92D3-D9EAE82633E4}.Debug|Any CPU.ActiveCfg = Debug|Any CPU
		{628CACB7-5B04-4ADD-92D3-D9EAE82633E4}.Debug|Any CPU.Build.0 = Debug|Any CPU
		{628CACB7-5B04-4ADD-92D3-D9EAE82633E4}.Release|Any CPU.ActiveCfg = Release|Any CPU
		{628CACB7-5B04-4ADD-92D3-D9EAE82633E4}.Release|Any CPU.Build.0 = Release|Any CPU
	EndGlobalSection
	GlobalSection(SolutionProperties) = preSolution
		HideSolutionNode = FALSE
	EndGlobalSection
	GlobalSection(ExtensibilityGlobals) = postSolution
		SolutionGuid = {75D07EC5-1959-4806-94EE-A3D660FCE32F}
	EndGlobalSection
EndGlobal
