
Microsoft Visual Studio Solution File, Format Version 12.00
# Visual Studio Version 17
VisualStudioVersion = 17.4.33122.133
MinimumVisualStudioVersion = 10.0.40219.1
Project("{FAE04EC0-301F-11D3-BF4B-00C04F79EFBC}") = "MyDynamicArray Extension 04", "MyDynamicArray Extension 04.csproj", "{77AC2763-137F-4AA9-89C7-0C31D2F77CCC}"
EndProject
Global
	GlobalSection(SolutionConfigurationPlatforms) = preSolution
		Debug|Any CPU = Debug|Any CPU
		Release|Any CPU = Release|Any CPU
	EndGlobalSection
	GlobalSection(ProjectConfigurationPlatforms) = postSolution
		{77AC2763-137F-4AA9-89C7-0C31D2F77CCC}.Debug|Any CPU.ActiveCfg = Debug|Any CPU
		{77AC2763-137F-4AA9-89C7-0C31D2F77CCC}.Debug|Any CPU.Build.0 = Debug|Any CPU
		{77AC2763-137F-4AA9-89C7-0C31D2F77CCC}.Release|Any CPU.ActiveCfg = Release|Any CPU
		{77AC2763-137F-4AA9-89C7-0C31D2F77CCC}.Release|Any CPU.Build.0 = Release|Any CPU
	EndGlobalSection
	GlobalSection(SolutionProperties) = preSolution
		HideSolutionNode = FALSE
	EndGlobalSection
	GlobalSection(ExtensibilityGlobals) = postSolution
		SolutionGuid = {9BEFCB59-7A8D-43E8-9D47-86E329FB6A44}
	EndGlobalSection
EndGlobal
