
Microsoft Visual Studio Solution File, Format Version 12.00
# Visual Studio Version 17
VisualStudioVersion = 17.4.33122.133
MinimumVisualStudioVersion = 10.0.40219.1
Project("{FAE04EC0-301F-11D3-BF4B-00C04F79EFBC}") = "Extension 2", "Extension 2.csproj", "{F4C55F2D-35DD-424D-A2DF-71CF7747660F}"
EndProject
Global
	GlobalSection(SolutionConfigurationPlatforms) = preSolution
		Debug|Any CPU = Debug|Any CPU
		Release|Any CPU = Release|Any CPU
	EndGlobalSection
	GlobalSection(ProjectConfigurationPlatforms) = postSolution
		{F4C55F2D-35DD-424D-A2DF-71CF7747660F}.Debug|Any CPU.ActiveCfg = Debug|Any CPU
		{F4C55F2D-35DD-424D-A2DF-71CF7747660F}.Debug|Any CPU.Build.0 = Debug|Any CPU
		{F4C55F2D-35DD-424D-A2DF-71CF7747660F}.Release|Any CPU.ActiveCfg = Release|Any CPU
		{F4C55F2D-35DD-424D-A2DF-71CF7747660F}.Release|Any CPU.Build.0 = Release|Any CPU
	EndGlobalSection
	GlobalSection(SolutionProperties) = preSolution
		HideSolutionNode = FALSE
	EndGlobalSection
	GlobalSection(ExtensibilityGlobals) = postSolution
		SolutionGuid = {AE30B32E-99B2-4DCF-8AB2-35BD6F6BB24D}
	EndGlobalSection
EndGlobal
